<?xml version="1.0" encoding="utf-8"?>
<Project ToolsVersion="4.0" xmlns="http://schemas.microsoft.com/developer/msbuild/2003">
  <ItemGroup>
    <ClCompile Include="src\ui\tablero_apuestas.c" />
    <ClCompile Include="src\ui\tablero_apuestas.h" />
    <ClCompile Include="src\core\estado_juego.c" />
    <ClCompile Include="src\core\jugador.c" />
    <ClCompile Include="src\main.c" />
    <ClCompile Include="src\render\iluminacion.c" />
    <ClCompile Include="src\render\materiales.c" />
    <ClCompile Include="src\ruleta\mouse_picking.c" />
    <ClCompile Include="src\ruleta\ruleta_animacion.c" />
    <ClCompile Include="src\ruleta\ruleta_geometria.c" />
    <ClCompile Include="src\ui\hud.c" />
    <ClCompile Include="src\ui\pantallas.c" />
    <ClCompile Include="src\utils\bezier.c" />
    <ClCompile Include="src\utils\bresenham.c" />
    <ClCompile Include="src\tragamonedas\tragamonedas_animacion.c" />
    <ClCompile Include="src\tragamonedas\tragamonedas_geometria.c" />
    <ClCompile Include="src\tragamonedas\tragamonedas_logica.c" />
  </ItemGroup>
  <ItemGroup>
    <ClInclude Include="src\core\estado_juego.h" />
    <ClInclude Include="src\core\jugador.h" />
    <ClInclude Include="src\render\iluminacion.h" />
    <ClInclude Include="src\render\materiales.h" />
    <ClInclude Include="src\ruleta\mouse_picking.h" />
    <ClInclude Include="src\ruleta\ruleta_animacion.h" />
    <ClInclude Include="src\ruleta\ruleta_geometria.h" />
    <ClInclude Include="src\ui\hud.h" />
    <ClInclude Include="src\ui\pantallas.h" />
    <ClInclude Include="src\utils\bezier.h" />
    <ClInclude Include="src\utils\bresenham.h" />
    <ClInclude Include="src\tragamonedas\tragamonedas_animacion.h" />
    <ClInclude Include="src\tragamonedas\tragamonedas_geometria.h" />
    <ClInclude Include="src\tragamonedas\tragamonedas_logica.h" />
  </ItemGroup>
  <ItemGroup>
    <None Include="..\README.md" />
  </ItemGroup>
</Project>